
Microsoft Visual Studio Solution File, Format Version 12.00
# Visual Studio Version 16
VisualStudioVersion = 16.0.31205.134
MinimumVisualStudioVersion = 10.0.40219.1
Project("{FAE04EC0-301F-11D3-BF4B-00C04F79EFBC}") = "Calculator.Tests", "UnitTestProject1\Calculator.Tests.csproj", "{E1C05667-A87E-4025-B830-6084A66FE108}"
EndProject
Project("{FAE04EC0-301F-11D3-BF4B-00C04F79EFBC}") = "Calculator", "Calculator\Calculator.csproj", "{8DD58AA1-03CB-4C0B-B1FF-49AF217E3D94}"
EndProject
Global
	GlobalSection(SolutionConfigurationPlatforms) = preSolution
		Debug|Any CPU = Debug|Any CPU
		Release|Any CPU = Release|Any CPU
	EndGlobalSection
	GlobalSection(ProjectConfigurationPlatforms) = postSolution
		{E1C05667-A87E-4025-B830-6084A66FE108}.Debug|Any CPU.ActiveCfg = Debug|Any CPU
		{E1C05667-A87E-4025-B830-6084A66FE108}.Debug|Any CPU.Build.0 = Debug|Any CPU
		{E1C05667-A87E-4025-B830-6084A66FE108}.Release|Any CPU.ActiveCfg = Release|Any CPU
		{E1C05667-A87E-4025-B830-6084A66FE108}.Release|Any CPU.Build.0 = Release|Any CPU
		{8DD58AA1-03CB-4C0B-B1FF-49AF217E3D94}.Debug|Any CPU.ActiveCfg = Debug|Any CPU
		{8DD58AA1-03CB-4C0B-B1FF-49AF217E3D94}.Debug|Any CPU.Build.0 = Debug|Any CPU
		{8DD58AA1-03CB-4C0B-B1FF-49AF217E3D94}.Release|Any CPU.ActiveCfg = Release|Any CPU
		{8DD58AA1-03CB-4C0B-B1FF-49AF217E3D94}.Release|Any CPU.Build.0 = Release|Any CPU
	EndGlobalSection
	GlobalSection(SolutionProperties) = preSolution
		HideSolutionNode = FALSE
	EndGlobalSection
	GlobalSection(ExtensibilityGlobals) = postSolution
		SolutionGuid = {B22EF3D9-AA39-4878-8253-4C710488361A}
	EndGlobalSection
EndGlobal
